
Microsoft Visual Studio Solution File, Format Version 12.00
# Visual Studio Version 16
VisualStudioVersion = 16.0.30503.244
MinimumVisualStudioVersion = 10.0.40219.1
Project("{FAE04EC0-301F-11D3-BF4B-00C04F79EFBC}") = "Random", "Random\Random.csproj", "{2E419D6E-0395-42CA-B3C5-C9CA68837D35}"
EndProject
Project("{FAE04EC0-301F-11D3-BF4B-00C04F79EFBC}") = "SubstitutionEncryption", "SubstitutionEncryption\SubstitutionEncryption.csproj", "{AD377797-4DCE-44B2-B376-2C574D786395}"
EndProject
Global
	GlobalSection(SolutionConfigurationPlatforms) = preSolution
		Debug|Any CPU = Debug|Any CPU
		Release|Any CPU = Release|Any CPU
	EndGlobalSection
	GlobalSection(ProjectConfigurationPlatforms) = postSolution
		{2E419D6E-0395-42CA-B3C5-C9CA68837D35}.Debug|Any CPU.ActiveCfg = Debug|Any CPU
		{2E419D6E-0395-42CA-B3C5-C9CA68837D35}.Debug|Any CPU.Build.0 = Debug|Any CPU
		{2E419D6E-0395-42CA-B3C5-C9CA68837D35}.Release|Any CPU.ActiveCfg = Release|Any CPU
		{2E419D6E-0395-42CA-B3C5-C9CA68837D35}.Release|Any CPU.Build.0 = Release|Any CPU
		{AD377797-4DCE-44B2-B376-2C574D786395}.Debug|Any CPU.ActiveCfg = Debug|Any CPU
		{AD377797-4DCE-44B2-B376-2C574D786395}.Debug|Any CPU.Build.0 = Debug|Any CPU
		{AD377797-4DCE-44B2-B376-2C574D786395}.Release|Any CPU.ActiveCfg = Release|Any CPU
		{AD377797-4DCE-44B2-B376-2C574D786395}.Release|Any CPU.Build.0 = Release|Any CPU
	EndGlobalSection
	GlobalSection(SolutionProperties) = preSolution
		HideSolutionNode = FALSE
	EndGlobalSection
	GlobalSection(ExtensibilityGlobals) = postSolution
		SolutionGuid = {2163F35D-E94F-4760-8C41-AE4E79B4F346}
	EndGlobalSection
EndGlobal
